
Microsoft Visual Studio Solution File, Format Version 12.00
# Visual Studio 15
Project("{FAE04EC0-301F-11D3-BF4B-00C04F79EFBC}") = "Assembly-CSharp", "Assembly-CSharp.csproj", "{8D1B3D4D-8A3E-A4B1-6E92-ADE36A86719F}"
EndProject
Project("{FAE04EC0-301F-11D3-BF4B-00C04F79EFBC}") = "NativeFilePicker.Runtime", "NativeFilePicker.Runtime.csproj", "{03FBE346-3780-9062-5D2E-2804E02082A5}"
EndProject
Project("{FAE04EC0-301F-11D3-BF4B-00C04F79EFBC}") = "Assembly-CSharp-firstpass", "Assembly-CSharp-firstpass.csproj", "{AB5B826E-A83E-34EB-AFE3-4E0D7C481D42}"
EndProject
Project("{FAE04EC0-301F-11D3-BF4B-00C04F79EFBC}") = "AmplifyShaderEditor", "AmplifyShaderEditor.csproj", "{ACFA71AF-93B0-ACF5-0C91-88FE22D499AF}"
EndProject
Project("{FAE04EC0-301F-11D3-BF4B-00C04F79EFBC}") = "Assembly-CSharp-Editor", "Assembly-CSharp-Editor.csproj", "{7ACC4D23-8E28-2C47-39AE-F34075F8953F}"
EndProject
Project("{FAE04EC0-301F-11D3-BF4B-00C04F79EFBC}") = "Unity.AssetBundleBrowser.Editor", "Unity.AssetBundleBrowser.Editor.csproj", "{44961623-D9B2-9419-E932-9215EA96AD77}"
EndProject
Project("{FAE04EC0-301F-11D3-BF4B-00C04F79EFBC}") = "NativeFilePicker.Editor", "NativeFilePicker.Editor.csproj", "{51703B25-8C3F-2BFD-91C2-3BA3D701405C}"
EndProject
Global
	GlobalSection(SolutionConfigurationPlatforms) = preSolution
		Debug|Any CPU = Debug|Any CPU
		Release|Any CPU = Release|Any CPU
	EndGlobalSection
	GlobalSection(ProjectConfigurationPlatforms) = postSolution
		{8D1B3D4D-8A3E-A4B1-6E92-ADE36A86719F}.Debug|Any CPU.ActiveCfg = Debug|Any CPU
		{8D1B3D4D-8A3E-A4B1-6E92-ADE36A86719F}.Debug|Any CPU.Build.0 = Debug|Any CPU
		{8D1B3D4D-8A3E-A4B1-6E92-ADE36A86719F}.Release|Any CPU.ActiveCfg = Release|Any CPU
		{8D1B3D4D-8A3E-A4B1-6E92-ADE36A86719F}.Release|Any CPU.Build.0 = Release|Any CPU
		{03FBE346-3780-9062-5D2E-2804E02082A5}.Debug|Any CPU.ActiveCfg = Debug|Any CPU
		{03FBE346-3780-9062-5D2E-2804E02082A5}.Debug|Any CPU.Build.0 = Debug|Any CPU
		{03FBE346-3780-9062-5D2E-2804E02082A5}.Release|Any CPU.ActiveCfg = Release|Any CPU
		{03FBE346-3780-9062-5D2E-2804E02082A5}.Release|Any CPU.Build.0 = Release|Any CPU
		{AB5B826E-A83E-34EB-AFE3-4E0D7C481D42}.Debug|Any CPU.ActiveCfg = Debug|Any CPU
		{AB5B826E-A83E-34EB-AFE3-4E0D7C481D42}.Debug|Any CPU.Build.0 = Debug|Any CPU
		{AB5B826E-A83E-34EB-AFE3-4E0D7C481D42}.Release|Any CPU.ActiveCfg = Release|Any CPU
		{AB5B826E-A83E-34EB-AFE3-4E0D7C481D42}.Release|Any CPU.Build.0 = Release|Any CPU
		{ACFA71AF-93B0-ACF5-0C91-88FE22D499AF}.Debug|Any CPU.ActiveCfg = Debug|Any CPU
		{ACFA71AF-93B0-ACF5-0C91-88FE22D499AF}.Debug|Any CPU.Build.0 = Debug|Any CPU
		{ACFA71AF-93B0-ACF5-0C91-88FE22D499AF}.Release|Any CPU.ActiveCfg = Release|Any CPU
		{ACFA71AF-93B0-ACF5-0C91-88FE22D499AF}.Release|Any CPU.Build.0 = Release|Any CPU
		{7ACC4D23-8E28-2C47-39AE-F34075F8953F}.Debug|Any CPU.ActiveCfg = Debug|Any CPU
		{7ACC4D23-8E28-2C47-39AE-F34075F8953F}.Debug|Any CPU.Build.0 = Debug|Any CPU
		{7ACC4D23-8E28-2C47-39AE-F34075F8953F}.Release|Any CPU.ActiveCfg = Release|Any CPU
		{7ACC4D23-8E28-2C47-39AE-F34075F8953F}.Release|Any CPU.Build.0 = Release|Any CPU
		{44961623-D9B2-9419-E932-9215EA96AD77}.Debug|Any CPU.ActiveCfg = Debug|Any CPU
		{44961623-D9B2-9419-E932-9215EA96AD77}.Debug|Any CPU.Build.0 = Debug|Any CPU
		{44961623-D9B2-9419-E932-9215EA96AD77}.Release|Any CPU.ActiveCfg = Release|Any CPU
		{44961623-D9B2-9419-E932-9215EA96AD77}.Release|Any CPU.Build.0 = Release|Any CPU
		{51703B25-8C3F-2BFD-91C2-3BA3D701405C}.Debug|Any CPU.ActiveCfg = Debug|Any CPU
		{51703B25-8C3F-2BFD-91C2-3BA3D701405C}.Debug|Any CPU.Build.0 = Debug|Any CPU
		{51703B25-8C3F-2BFD-91C2-3BA3D701405C}.Release|Any CPU.ActiveCfg = Release|Any CPU
		{51703B25-8C3F-2BFD-91C2-3BA3D701405C}.Release|Any CPU.Build.0 = Release|Any CPU
	EndGlobalSection
	GlobalSection(SolutionProperties) = preSolution
		HideSolutionNode = FALSE
	EndGlobalSection
EndGlobal
